// !$*UTF8*$!
{
	archiveVersion = 1;
	classes = {
	};
	objectVersion = 50;
	objects = {

/* Begin PBXBuildFile section */
		126E1D5922FB050100D9F705 /* AppDelegate.swift in Sources */ = {isa = PBXBuildFile; fileRef = 126E1D5822FB050100D9F705 /* AppDelegate.swift */; };
		126E1D5B22FB050100D9F705 /* ViewController.swift in Sources */ = {isa = PBXBuildFile; fileRef = 126E1D5A22FB050100D9F705 /* ViewController.swift */; };
		126E1D5E22FB050100D9F705 /* Main.storyboard in Resources */ = {isa = PBXBuildFile; fileRef = 126E1D5C22FB050100D9F705 /* Main.storyboard */; };
		126E1D6022FB050500D9F705 /* Assets.xcassets in Resources */ = {isa = PBXBuildFile; fileRef = 126E1D5F22FB050500D9F705 /* Assets.xcassets */; };
		126E1D6322FB050500D9F705 /* LaunchScreen.storyboard in Resources */ = {isa = PBXBuildFile; fileRef = 126E1D6122FB050500D9F705 /* LaunchScreen.storyboard */; };
		126E1D7322FB055000D9F705 /* URLparameter.swift in Sources */ = {isa = PBXBuildFile; fileRef = 126E1D7022FB055000D9F705 /* URLparameter.swift */; };
		126E1D7422FB055000D9F705 /* TRVideoView.swift in Sources */ = {isa = PBXBuildFile; fileRef = 126E1D7122FB055000D9F705 /* TRVideoView.swift */; };
		126E1D7522FB055000D9F705 /* extractURLs.swift in Sources */ = {isa = PBXBuildFile; fileRef = 126E1D7222FB055000D9F705 /* extractURLs.swift */; };
		126E1D7A22FB08D800D9F705 /* VimeoPlayerViewController.swift in Sources */ = {isa = PBXBuildFile; fileRef = 126E1D7922FB08D800D9F705 /* VimeoPlayerViewController.swift */; };
		126E1D7F22FB0EFC00D9F705 /* PIPKitEventDispatcher.swift in Sources */ = {isa = PBXBuildFile; fileRef = 126E1D7C22FB0EFC00D9F705 /* PIPKitEventDispatcher.swift */; };
		126E1D8022FB0EFC00D9F705 /* PIPKit.swift in Sources */ = {isa = PBXBuildFile; fileRef = 126E1D7D22FB0EFC00D9F705 /* PIPKit.swift */; };
		126E1D8122FB0EFC00D9F705 /* PIPUsable.swift in Sources */ = {isa = PBXBuildFile; fileRef = 126E1D7E22FB0EFC00D9F705 /* PIPUsable.swift */; };
		126E1D8322FB0FC900D9F705 /* PIPViewController.swift in Sources */ = {isa = PBXBuildFile; fileRef = 126E1D8222FB0FC900D9F705 /* PIPViewController.swift */; };
		42BF64E68F2A8F0EC353B536 /* Pods_DraggableDemo.framework in Frameworks */ = {isa = PBXBuildFile; fileRef = 97B9B98EB9B23B20211C5D19 /* Pods_DraggableDemo.framework */; };
		8603B6F023141328002B9BED /* VimeoLinkViewController.swift in Sources */ = {isa = PBXBuildFile; fileRef = 8603B6EF23141328002B9BED /* VimeoLinkViewController.swift */; };
		8603B722231434F6002B9BED /* FRCustomPIPViewController.framework in Frameworks */ = {isa = PBXBuildFile; fileRef = 8603B721231434F5002B9BED /* FRCustomPIPViewController.framework */; };
/* End PBXBuildFile section */

/* Begin PBXFileReference section */
		126E1D5522FB050100D9F705 /* DraggableDemo.app */ = {isa = PBXFileReference; explicitFileType = wrapper.application; includeInIndex = 0; path = DraggableDemo.app; sourceTree = BUILT_PRODUCTS_DIR; };
		126E1D5822FB050100D9F705 /* AppDelegate.swift */ = {isa = PBXFileReference; lastKnownFileType = sourcecode.swift; path = AppDelegate.swift; sourceTree = "<group>"; };
		126E1D5A22FB050100D9F705 /* ViewController.swift */ = {isa = PBXFileReference; lastKnownFileType = sourcecode.swift; path = ViewController.swift; sourceTree = "<group>"; };
		126E1D5D22FB050100D9F705 /* Base */ = {isa = PBXFileReference; lastKnownFileType = file.storyboard; name = Base; path = Base.lproj/Main.storyboard; sourceTree = "<group>"; };
		126E1D5F22FB050500D9F705 /* Assets.xcassets */ = {isa = PBXFileReference; lastKnownFileType = folder.assetcatalog; path = Assets.xcassets; sourceTree = "<group>"; };
		126E1D6222FB050500D9F705 /* Base */ = {isa = PBXFileReference; lastKnownFileType = file.storyboard; name = Base; path = Base.lproj/LaunchScreen.storyboard; sourceTree = "<group>"; };
		126E1D6422FB050500D9F705 /* Info.plist */ = {isa = PBXFileReference; lastKnownFileType = text.plist.xml; path = Info.plist; sourceTree = "<group>"; };
		126E1D7022FB055000D9F705 /* URLparameter.swift */ = {isa = PBXFileReference; fileEncoding = 4; lastKnownFileType = sourcecode.swift; path = URLparameter.swift; sourceTree = "<group>"; };
		126E1D7122FB055000D9F705 /* TRVideoView.swift */ = {isa = PBXFileReference; fileEncoding = 4; lastKnownFileType = sourcecode.swift; path = TRVideoView.swift; sourceTree = "<group>"; };
		126E1D7222FB055000D9F705 /* extractURLs.swift */ = {isa = PBXFileReference; fileEncoding = 4; lastKnownFileType = sourcecode.swift; path = extractURLs.swift; sourceTree = "<group>"; };
		126E1D7922FB08D800D9F705 /* VimeoPlayerViewController.swift */ = {isa = PBXFileReference; lastKnownFileType = sourcecode.swift; path = VimeoPlayerViewController.swift; sourceTree = "<group>"; };
		126E1D7C22FB0EFC00D9F705 /* PIPKitEventDispatcher.swift */ = {isa = PBXFileReference; fileEncoding = 4; lastKnownFileType = sourcecode.swift; path = PIPKitEventDispatcher.swift; sourceTree = "<group>"; };
		126E1D7D22FB0EFC00D9F705 /* PIPKit.swift */ = {isa = PBXFileReference; fileEncoding = 4; lastKnownFileType = sourcecode.swift; path = PIPKit.swift; sourceTree = "<group>"; };
		126E1D7E22FB0EFC00D9F705 /* PIPUsable.swift */ = {isa = PBXFileReference; fileEncoding = 4; lastKnownFileType = sourcecode.swift; path = PIPUsable.swift; sourceTree = "<group>"; };
		126E1D8222FB0FC900D9F705 /* PIPViewController.swift */ = {isa = PBXFileReference; lastKnownFileType = sourcecode.swift; path = PIPViewController.swift; sourceTree = "<group>"; };
		126E1D8B22FB23AE00D9F705 /* DraggableDemo-Bridging-Header.h */ = {isa = PBXFileReference; lastKnownFileType = sourcecode.c.h; path = "DraggableDemo-Bridging-Header.h"; sourceTree = "<group>"; };
		3A47982033149344F314E2D5 /* Pods-DraggableDemo.release.xcconfig */ = {isa = PBXFileReference; includeInIndex = 1; lastKnownFileType = text.xcconfig; name = "Pods-DraggableDemo.release.xcconfig"; path = "Target Support Files/Pods-DraggableDemo/Pods-DraggableDemo.release.xcconfig"; sourceTree = "<group>"; };
		8603B6EF23141328002B9BED /* VimeoLinkViewController.swift */ = {isa = PBXFileReference; lastKnownFileType = sourcecode.swift; path = VimeoLinkViewController.swift; sourceTree = "<group>"; };
		8603B721231434F5002B9BED /* FRCustomPIPViewController.framework */ = {isa = PBXFileReference; lastKnownFileType = wrapper.framework; path = FRCustomPIPViewController.framework; sourceTree = "<group>"; };
		97B9B98EB9B23B20211C5D19 /* Pods_DraggableDemo.framework */ = {isa = PBXFileReference; explicitFileType = wrapper.framework; includeInIndex = 0; path = Pods_DraggableDemo.framework; sourceTree = BUILT_PRODUCTS_DIR; };
		EBB9B02DA636ECAB15378A6E /* Pods-DraggableDemo.debug.xcconfig */ = {isa = PBXFileReference; includeInIndex = 1; lastKnownFileType = text.xcconfig; name = "Pods-DraggableDemo.debug.xcconfig"; path = "Target Support Files/Pods-DraggableDemo/Pods-DraggableDemo.debug.xcconfig"; sourceTree = "<group>"; };
/* End PBXFileReference section */

/* Begin PBXFrameworksBuildPhase section */
		126E1D5222FB050100D9F705 /* Frameworks */ = {
			isa = PBXFrameworksBuildPhase;
			buildActionMask = 2147483647;
			files = (
				8603B722231434F6002B9BED /* FRCustomPIPViewController.framework in Frameworks */,
				42BF64E68F2A8F0EC353B536 /* Pods_DraggableDemo.framework in Frameworks */,
			);
			runOnlyForDeploymentPostprocessing = 0;
		};
/* End PBXFrameworksBuildPhase section */

/* Begin PBXGroup section */
		126E1D4C22FB050100D9F705 = {
			isa = PBXGroup;
			children = (
				126E1D5722FB050100D9F705 /* DraggableDemo */,
				126E1D5622FB050100D9F705 /* Products */,
				6FA8CF0E607979925B135E60 /* Pods */,
				978335DF95FCA0DEFE1536C4 /* Frameworks */,
			);
			sourceTree = "<group>";
		};
		126E1D5622FB050100D9F705 /* Products */ = {
			isa = PBXGroup;
			children = (
				126E1D5522FB050100D9F705 /* DraggableDemo.app */,
			);
			name = Products;
			sourceTree = "<group>";
		};
		126E1D5722FB050100D9F705 /* DraggableDemo */ = {
			isa = PBXGroup;
			children = (
				8603B721231434F5002B9BED /* FRCustomPIPViewController.framework */,
				126E1D8522FB236C00D9F705 /* Classes */,
				126E1D7B22FB0EFC00D9F705 /* PIP Classes */,
				126E1D7622FB055D00D9F705 /* Draggable Helper */,
				126E1D5822FB050100D9F705 /* AppDelegate.swift */,
				126E1D5A22FB050100D9F705 /* ViewController.swift */,
				126E1D8222FB0FC900D9F705 /* PIPViewController.swift */,
				126E1D5C22FB050100D9F705 /* Main.storyboard */,
				8603B6EF23141328002B9BED /* VimeoLinkViewController.swift */,
				126E1D7922FB08D800D9F705 /* VimeoPlayerViewController.swift */,
				126E1D5F22FB050500D9F705 /* Assets.xcassets */,
				126E1D6122FB050500D9F705 /* LaunchScreen.storyboard */,
				126E1D6422FB050500D9F705 /* Info.plist */,
			);
			path = DraggableDemo;
			sourceTree = "<group>";
		};
		126E1D7622FB055D00D9F705 /* Draggable Helper */ = {
			isa = PBXGroup;
			children = (
				126E1D7222FB055000D9F705 /* extractURLs.swift */,
				126E1D7022FB055000D9F705 /* URLparameter.swift */,
				126E1D7122FB055000D9F705 /* TRVideoView.swift */,
			);
			path = "Draggable Helper";
			sourceTree = "<group>";
		};
		126E1D7B22FB0EFC00D9F705 /* PIP Classes */ = {
			isa = PBXGroup;
			children = (
				126E1D7C22FB0EFC00D9F705 /* PIPKitEventDispatcher.swift */,
				126E1D7D22FB0EFC00D9F705 /* PIPKit.swift */,
				126E1D7E22FB0EFC00D9F705 /* PIPUsable.swift */,
			);
			path = "PIP Classes";
			sourceTree = "<group>";
		};
		126E1D8522FB236C00D9F705 /* Classes */ = {
			isa = PBXGroup;
			children = (
				126E1D8B22FB23AE00D9F705 /* DraggableDemo-Bridging-Header.h */,
			);
			path = Classes;
			sourceTree = "<group>";
		};
		6FA8CF0E607979925B135E60 /* Pods */ = {
			isa = PBXGroup;
			children = (
				EBB9B02DA636ECAB15378A6E /* Pods-DraggableDemo.debug.xcconfig */,
				3A47982033149344F314E2D5 /* Pods-DraggableDemo.release.xcconfig */,
			);
			path = Pods;
			sourceTree = "<group>";
		};
		978335DF95FCA0DEFE1536C4 /* Frameworks */ = {
			isa = PBXGroup;
			children = (
				97B9B98EB9B23B20211C5D19 /* Pods_DraggableDemo.framework */,
			);
			name = Frameworks;
			sourceTree = "<group>";
		};
/* End PBXGroup section */

/* Begin PBXNativeTarget section */
		126E1D5422FB050100D9F705 /* DraggableDemo */ = {
			isa = PBXNativeTarget;
			buildConfigurationList = 126E1D6722FB050500D9F705 /* Build configuration list for PBXNativeTarget "DraggableDemo" */;
			buildPhases = (
				2CABA4EA0205AFF8304D2151 /* [CP] Check Pods Manifest.lock */,
				126E1D5122FB050100D9F705 /* Sources */,
				126E1D5222FB050100D9F705 /* Frameworks */,
				126E1D5322FB050100D9F705 /* Resources */,
				753B0C8BF5F994314829A0D0 /* [CP] Embed Pods Frameworks */,
			);
			buildRules = (
			);
			dependencies = (
			);
			name = DraggableDemo;
			productName = DraggableDemo;
			productReference = 126E1D5522FB050100D9F705 /* DraggableDemo.app */;
			productType = "com.apple.product-type.application";
		};
/* End PBXNativeTarget section */

/* Begin PBXProject section */
		126E1D4D22FB050100D9F705 /* Project object */ = {
			isa = PBXProject;
			attributes = {
				LastSwiftUpdateCheck = 1010;
				LastUpgradeCheck = 1010;
				ORGANIZATIONNAME = "Farooq Rasheed";
				TargetAttributes = {
					126E1D5422FB050100D9F705 = {
						CreatedOnToolsVersion = 10.1;
						LastSwiftMigration = 1010;
					};
				};
			};
			buildConfigurationList = 126E1D5022FB050100D9F705 /* Build configuration list for PBXProject "DraggableDemo" */;
			compatibilityVersion = "Xcode 9.3";
			developmentRegion = en;
			hasScannedForEncodings = 0;
			knownRegions = (
				en,
				Base,
			);
			mainGroup = 126E1D4C22FB050100D9F705;
			productRefGroup = 126E1D5622FB050100D9F705 /* Products */;
			projectDirPath = "";
			projectRoot = "";
			targets = (
				126E1D5422FB050100D9F705 /* DraggableDemo */,
			);
		};
/* End PBXProject section */

/* Begin PBXResourcesBuildPhase section */
		126E1D5322FB050100D9F705 /* Resources */ = {
			isa = PBXResourcesBuildPhase;
			buildActionMask = 2147483647;
			files = (
				126E1D6322FB050500D9F705 /* LaunchScreen.storyboard in Resources */,
				126E1D6022FB050500D9F705 /* Assets.xcassets in Resources */,
				126E1D5E22FB050100D9F705 /* Main.storyboard in Resources */,
			);
			runOnlyForDeploymentPostprocessing = 0;
		};
/* End PBXResourcesBuildPhase section */

/* Begin PBXShellScriptBuildPhase section */
		2CABA4EA0205AFF8304D2151 /* [CP] Check Pods Manifest.lock */ = {
			isa = PBXShellScriptBuildPhase;
			buildActionMask = 2147483647;
			files = (
			);
			inputFileListPaths = (
			);
			inputPaths = (
				"${PODS_PODFILE_DIR_PATH}/Podfile.lock",
				"${PODS_ROOT}/Manifest.lock",
			);
			name = "[CP] Check Pods Manifest.lock";
			outputFileListPaths = (
			);
			outputPaths = (
				"$(DERIVED_FILE_DIR)/Pods-DraggableDemo-checkManifestLockResult.txt",
			);
			runOnlyForDeploymentPostprocessing = 0;
			shellPath = /bin/sh;
			shellScript = "diff \"${PODS_PODFILE_DIR_PATH}/Podfile.lock\" \"${PODS_ROOT}/Manifest.lock\" > /dev/null\nif [ $? != 0 ] ; then\n    # print error to STDERR\n    echo \"error: The sandbox is not in sync with the Podfile.lock. Run 'pod install' or update your CocoaPods installation.\" >&2\n    exit 1\nfi\n# This output is used by Xcode 'outputs' to avoid re-running this script phase.\necho \"SUCCESS\" > \"${SCRIPT_OUTPUT_FILE_0}\"\n";
			showEnvVarsInLog = 0;
		};
		753B0C8BF5F994314829A0D0 /* [CP] Embed Pods Frameworks */ = {
			isa = PBXShellScriptBuildPhase;
			buildActionMask = 2147483647;
			files = (
			);
			inputFileListPaths = (
			);
			inputPaths = (
				"${PODS_ROOT}/Target Support Files/Pods-DraggableDemo/Pods-DraggableDemo-frameworks.sh",
				"${BUILT_PRODUCTS_DIR}/HCVimeoVideoExtractor/HCVimeoVideoExtractor.framework",
			);
			name = "[CP] Embed Pods Frameworks";
			outputFileListPaths = (
			);
			outputPaths = (
				"${TARGET_BUILD_DIR}/${FRAMEWORKS_FOLDER_PATH}/HCVimeoVideoExtractor.framework",
			);
			runOnlyForDeploymentPostprocessing = 0;
			shellPath = /bin/sh;
			shellScript = "\"${PODS_ROOT}/Target Support Files/Pods-DraggableDemo/Pods-DraggableDemo-frameworks.sh\"\n";
			showEnvVarsInLog = 0;
		};
/* End PBXShellScriptBuildPhase section */

/* Begin PBXSourcesBuildPhase section */
		126E1D5122FB050100D9F705 /* Sources */ = {
			isa = PBXSourcesBuildPhase;
			buildActionMask = 2147483647;
			files = (
				126E1D8022FB0EFC00D9F705 /* PIPKit.swift in Sources */,
				8603B6F023141328002B9BED /* VimeoLinkViewController.swift in Sources */,
				126E1D7A22FB08D800D9F705 /* VimeoPlayerViewController.swift in Sources */,
				126E1D7422FB055000D9F705 /* TRVideoView.swift in Sources */,
				126E1D8122FB0EFC00D9F705 /* PIPUsable.swift in Sources */,
				126E1D8322FB0FC900D9F705 /* PIPViewController.swift in Sources */,
				126E1D7F22FB0EFC00D9F705 /* PIPKitEventDispatcher.swift in Sources */,
				126E1D5B22FB050100D9F705 /* ViewController.swift in Sources */,
				126E1D7522FB055000D9F705 /* extractURLs.swift in Sources */,
				126E1D7322FB055000D9F705 /* URLparameter.swift in Sources */,
				126E1D5922FB050100D9F705 /* AppDelegate.swift in Sources */,
			);
			runOnlyForDeploymentPostprocessing = 0;
		};
/* End PBXSourcesBuildPhase section */

/* Begin PBXVariantGroup section */
		126E1D5C22FB050100D9F705 /* Main.storyboard */ = {
			isa = PBXVariantGroup;
			children = (
				126E1D5D22FB050100D9F705 /* Base */,
			);
			name = Main.storyboard;
			sourceTree = "<group>";
		};
		126E1D6122FB050500D9F705 /* LaunchScreen.storyboard */ = {
			isa = PBXVariantGroup;
			children = (
				126E1D6222FB050500D9F705 /* Base */,
			);
			name = LaunchScreen.storyboard;
			sourceTree = "<group>";
		};
/* End PBXVariantGroup section */

/* Begin XCBuildConfiguration section */
		126E1D6522FB050500D9F705 /* Debug */ = {
			isa = XCBuildConfiguration;
			buildSettings = {
				ALWAYS_SEARCH_USER_PATHS = NO;
				CLANG_ANALYZER_NONNULL = YES;
				CLANG_ANALYZER_NUMBER_OBJECT_CONVERSION = YES_AGGRESSIVE;
				CLANG_CXX_LANGUAGE_STANDARD = "gnu++14";
				CLANG_CXX_LIBRARY = "libc++";
				CLANG_ENABLE_MODULES = YES;
				CLANG_ENABLE_OBJC_ARC = YES;
				CLANG_ENABLE_OBJC_WEAK = YES;
				CLANG_WARN_BLOCK_CAPTURE_AUTORELEASING = YES;
				CLANG_WARN_BOOL_CONVERSION = YES;
				CLANG_WARN_COMMA = YES;
				CLANG_WARN_CONSTANT_CONVERSION = YES;
				CLANG_WARN_DEPRECATED_OBJC_IMPLEMENTATIONS = YES;
				CLANG_WARN_DIRECT_OBJC_ISA_USAGE = YES_ERROR;
				CLANG_WARN_DOCUMENTATION_COMMENTS = YES;
				CLANG_WARN_EMPTY_BODY = YES;
				CLANG_WARN_ENUM_CONVERSION = YES;
				CLANG_WARN_INFINITE_RECURSION = YES;
				CLANG_WARN_INT_CONVERSION = YES;
				CLANG_WARN_NON_LITERAL_NULL_CONVERSION = YES;
				CLANG_WARN_OBJC_IMPLICIT_RETAIN_SELF = YES;
				CLANG_WARN_OBJC_LITERAL_CONVERSION = YES;
				CLANG_WARN_OBJC_ROOT_CLASS = YES_ERROR;
				CLANG_WARN_RANGE_LOOP_ANALYSIS = YES;
				CLANG_WARN_STRICT_PROTOTYPES = YES;
				CLANG_WARN_SUSPICIOUS_MOVE = YES;
				CLANG_WARN_UNGUARDED_AVAILABILITY = YES_AGGRESSIVE;
				CLANG_WARN_UNREACHABLE_CODE = YES;
				CLANG_WARN__DUPLICATE_METHOD_MATCH = YES;
				CODE_SIGN_IDENTITY = "iPhone Developer";
				COPY_PHASE_STRIP = NO;
				DEBUG_INFORMATION_FORMAT = dwarf;
				ENABLE_STRICT_OBJC_MSGSEND = YES;
				ENABLE_TESTABILITY = YES;
				GCC_C_LANGUAGE_STANDARD = gnu11;
				GCC_DYNAMIC_NO_PIC = NO;
				GCC_NO_COMMON_BLOCKS = YES;
				GCC_OPTIMIZATION_LEVEL = 0;
				GCC_PREPROCESSOR_DEFINITIONS = (
					"DEBUG=1",
					"$(inherited)",
				);
				GCC_WARN_64_TO_32_BIT_CONVERSION = YES;
				GCC_WARN_ABOUT_RETURN_TYPE = YES_ERROR;
				GCC_WARN_UNDECLARED_SELECTOR = YES;
				GCC_WARN_UNINITIALIZED_AUTOS = YES_AGGRESSIVE;
				GCC_WARN_UNUSED_FUNCTION = YES;
				GCC_WARN_UNUSED_VARIABLE = YES;
				IPHONEOS_DEPLOYMENT_TARGET = 12.1;
				MTL_ENABLE_DEBUG_INFO = INCLUDE_SOURCE;
				MTL_FAST_MATH = YES;
				ONLY_ACTIVE_ARCH = YES;
				SDKROOT = iphoneos;
				SWIFT_ACTIVE_COMPILATION_CONDITIONS = DEBUG;
				SWIFT_OPTIMIZATION_LEVEL = "-Onone";
			};
			name = Debug;
		};
		126E1D6622FB050500D9F705 /* Release */ = {
			isa = XCBuildConfiguration;
			buildSettings = {
				ALWAYS_SEARCH_USER_PATHS = NO;
				CLANG_ANALYZER_NONNULL = YES;
				CLANG_ANALYZER_NUMBER_OBJECT_CONVERSION = YES_AGGRESSIVE;
				CLANG_CXX_LANGUAGE_STANDARD = "gnu++14";
				CLANG_CXX_LIBRARY = "libc++";
				CLANG_ENABLE_MODULES = YES;
				CLANG_ENABLE_OBJC_ARC = YES;
				CLANG_ENABLE_OBJC_WEAK = YES;
				CLANG_WARN_BLOCK_CAPTURE_AUTORELEASING = YES;
				CLANG_WARN_BOOL_CONVERSION = YES;
				CLANG_WARN_COMMA = YES;
				CLANG_WARN_CONSTANT_CONVERSION = YES;
				CLANG_WARN_DEPRECATED_OBJC_IMPLEMENTATIONS = YES;
				CLANG_WARN_DIRECT_OBJC_ISA_USAGE = YES_ERROR;
				CLANG_WARN_DOCUMENTATION_COMMENTS = YES;
				CLANG_WARN_EMPTY_BODY = YES;
				CLANG_WARN_ENUM_CONVERSION = YES;
				CLANG_WARN_INFINITE_RECURSION = YES;
				CLANG_WARN_INT_CONVERSION = YES;
				CLANG_WARN_NON_LITERAL_NULL_CONVERSION = YES;
				CLANG_WARN_OBJC_IMPLICIT_RETAIN_SELF = YES;
				CLANG_WARN_OBJC_LITERAL_CONVERSION = YES;
				CLANG_WARN_OBJC_ROOT_CLASS = YES_ERROR;
				CLANG_WARN_RANGE_LOOP_ANALYSIS = YES;
				CLANG_WARN_STRICT_PROTOTYPES = YES;
				CLANG_WARN_SUSPICIOUS_MOVE = YES;
				CLANG_WARN_UNGUARDED_AVAILABILITY = YES_AGGRESSIVE;
				CLANG_WARN_UNREACHABLE_CODE = YES;
				CLANG_WARN__DUPLICATE_METHOD_MATCH = YES;
				CODE_SIGN_IDENTITY = "iPhone Developer";
				COPY_PHASE_STRIP = NO;
				DEBUG_INFORMATION_FORMAT = "dwarf-with-dsym";
				ENABLE_NS_ASSERTIONS = NO;
				ENABLE_STRICT_OBJC_MSGSEND = YES;
				GCC_C_LANGUAGE_STANDARD = gnu11;
				GCC_NO_COMMON_BLOCKS = YES;
				GCC_WARN_64_TO_32_BIT_CONVERSION = YES;
				GCC_WARN_ABOUT_RETURN_TYPE = YES_ERROR;
				GCC_WARN_UNDECLARED_SELECTOR = YES;
				GCC_WARN_UNINITIALIZED_AUTOS = YES_AGGRESSIVE;
				GCC_WARN_UNUSED_FUNCTION = YES;
				GCC_WARN_UNUSED_VARIABLE = YES;
				IPHONEOS_DEPLOYMENT_TARGET = 12.1;
				MTL_ENABLE_DEBUG_INFO = NO;
				MTL_FAST_MATH = YES;
				SDKROOT = iphoneos;
				SWIFT_COMPILATION_MODE = wholemodule;
				SWIFT_OPTIMIZATION_LEVEL = "-O";
				VALIDATE_PRODUCT = YES;
			};
			name = Release;
		};
		126E1D6822FB050500D9F705 /* Debug */ = {
			isa = XCBuildConfiguration;
			baseConfigurationReference = EBB9B02DA636ECAB15378A6E /* Pods-DraggableDemo.debug.xcconfig */;
			buildSettings = {
				ASSETCATALOG_COMPILER_APPICON_NAME = AppIcon;
				CLANG_ENABLE_MODULES = YES;
				CODE_SIGN_STYLE = Automatic;
				DEVELOPMENT_TEAM = KAKDNBDBY6;
				FRAMEWORK_SEARCH_PATHS = (
					"$(inherited)",
					"$(PROJECT_DIR)/DraggableDemo",
				);
				INFOPLIST_FILE = DraggableDemo/Info.plist;
				LD_RUNPATH_SEARCH_PATHS = (
					"$(inherited)",
					"@executable_path/Frameworks",
				);
				PRODUCT_BUNDLE_IDENTIFIER = com.pip.kl.DraggableDemo;
				PRODUCT_NAME = "$(TARGET_NAME)";
				SWIFT_OBJC_BRIDGING_HEADER = "DraggableDemo/Classes/DraggableDemo-Bridging-Header.h";
				SWIFT_OPTIMIZATION_LEVEL = "-Onone";
				SWIFT_VERSION = 4.2;
				TARGETED_DEVICE_FAMILY = "1,2";
			};
			name = Debug;
		};
		126E1D6922FB050500D9F705 /* Release */ = {
			isa = XCBuildConfiguration;
			baseConfigurationReference = 3A47982033149344F314E2D5 /* Pods-DraggableDemo.release.xcconfig */;
			buildSettings = {
				ASSETCATALOG_COMPILER_APPICON_NAME = AppIcon;
				CLANG_ENABLE_MODULES = YES;
				CODE_SIGN_STYLE = Automatic;
				DEVELOPMENT_TEAM = KAKDNBDBY6;
				FRAMEWORK_SEARCH_PATHS = (
					"$(inherited)",
					"$(PROJECT_DIR)/DraggableDemo",
				);
				INFOPLIST_FILE = DraggableDemo/Info.plist;
				LD_RUNPATH_SEARCH_PATHS = (
					"$(inherited)",
					"@executable_path/Frameworks",
				);
				PRODUCT_BUNDLE_IDENTIFIER = com.pip.kl.DraggableDemo;
				PRODUCT_NAME = "$(TARGET_NAME)";
				SWIFT_OBJC_BRIDGING_HEADER = "DraggableDemo/Classes/DraggableDemo-Bridging-Header.h";
				SWIFT_VERSION = 4.2;
				TARGETED_DEVICE_FAMILY = "1,2";
			};
			name = Release;
		};
/* End XCBuildConfiguration section */

/* Begin XCConfigurationList section */
		126E1D5022FB050100D9F705 /* Build configuration list for PBXProject "DraggableDemo" */ = {
			isa = XCConfigurationList;
			buildConfigurations = (
				126E1D6522FB050500D9F705 /* Debug */,
				126E1D6622FB050500D9F705 /* Release */,
			);
			defaultConfigurationIsVisible = 0;
			defaultConfigurationName = Release;
		};
		126E1D6722FB050500D9F705 /* Build configuration list for PBXNativeTarget "DraggableDemo" */ = {
			isa = XCConfigurationList;
			buildConfigurations = (
				126E1D6822FB050500D9F705 /* Debug */,
				126E1D6922FB050500D9F705 /* Release */,
			);
			defaultConfigurationIsVisible = 0;
			defaultConfigurationName = Release;
		};
/* End XCConfigurationList section */
	};
	rootObject = 126E1D4D22FB050100D9F705 /* Project object */;
}
